lockfileVersion: '9.0'

settings:
  autoInstallPeers: true
  excludeLinksFromLockfile: false

overrides:
  typescript: npm:typescript-native-bridge@6.0.3-bridge.7.tsgo.7.0.2

importers:

  .:
    dependencies:
      '@atcute/atproto':
        specifier: ^4.0.3
        version: 4.0.3(@atcute/lexicons@2.0.3)
      '@atcute/client':
        specifier: ^5.1.1
        version: 5.1.1(@atcute/lexicons@2.0.3)(typescript-native-bridge@6.0.3-bridge.7.tsgo.7.0.2)
      '@atcute/identity-resolver':
        specifier: ^2.0.1
        version: 2.0.1(@atcute/identity@2.0.2(@atcute/lexicons@2.0.3)(typescript-native-bridge@6.0.3-bridge.7.tsgo.7.0.2))(@atcute/lexicons@2.0.3)(typescript-native-bridge@6.0.3-bridge.7.tsgo.7.0.2)
      '@atcute/identity-resolver-node':
        specifier: ^2.0.1
        version: 2.0.1(@atcute/identity-resolver@2.0.1(@atcute/identity@2.0.2(@atcute/lexicons@2.0.3)(typescript-native-bridge@6.0.3-bridge.7.tsgo.7.0.2))(@atcute/lexicons@2.0.3)(typescript-native-bridge@6.0.3-bridge.7.tsgo.7.0.2))(@atcute/identity@2.0.2(@atcute/lexicons@2.0.3)(typescript-native-bridge@6.0.3-bridge.7.tsgo.7.0.2))(@atcute/lexicons@2.0.3)
      '@atcute/lexicon-community':
        specifier: ^2.0.4
        version: 2.0.4(@atcute/lexicons@2.0.3)
      '@atcute/lexicons':
        specifier: ^2.0.3
        version: 2.0.3
      '@atcute/oauth-node-client':
        specifier: ^2.0.1
        version: 2.0.1(@atcute/identity-resolver@2.0.1(@atcute/identity@2.0.2(@atcute/lexicons@2.0.3)(typescript-native-bridge@6.0.3-bridge.7.tsgo.7.0.2))(@atcute/lexicons@2.0.3)(typescript-native-bridge@6.0.3-bridge.7.tsgo.7.0.2))(@atcute/lexicons@2.0.3)(typescript-native-bridge@6.0.3-bridge.7.tsgo.7.0.2)
      '@clack/prompts':
        specifier: ^1.7.0
        version: 1.7.0
      '@hono/node-server':
        specifier: ^2.0.12
        version: 2.0.12(hono@4.12.34)
      hono:
        specifier: ^4.12.34
        version: 4.12.34
      tiny-open:
        specifier: ^1.3.0
        version: 1.3.0
      valibot:
        specifier: ^1.4.2
        version: 1.4.2(typescript-native-bridge@6.0.3-bridge.7.tsgo.7.0.2)
    devDependencies:
      '@atcute/cid':
        specifier: ^2.4.2
        version: 2.4.2
      '@e18e/eslint-plugin':
        specifier: ^0.6.0
        version: 0.6.0(oxlint@1.76.0(oxlint-tsgolint@7.0.2001))
      '@rlly/pedantic':
        specifier: ^0.6.0
        version: 0.6.0(@e18e/eslint-plugin@0.6.0(oxlint@1.76.0(oxlint-tsgolint@7.0.2001)))(oxlint-tsgolint@7.0.2001)(oxlint@1.76.0(oxlint-tsgolint@7.0.2001))
      '@types/node':
        specifier: ^26.1.2
        version: 26.1.2
      devalue:
        specifier: ^5.9.0
        version: 5.9.0
      oxlint:
        specifier: ^1.76.0
        version: 1.76.0(oxlint-tsgolint@7.0.2001)
      oxlint-tsgolint:
        specifier: ^7.0.2001
        version: 7.0.2001
      prettier:
        specifier: ^3.9.6
        version: 3.9.6
      sharp:
        specifier: ^0.35.3
        version: 0.35.3(@types/node@26.1.2)
      typescript:
        specifier: npm:typescript-native-bridge@6.0.3-bridge.7.tsgo.7.0.2
        version: typescript-native-bridge@6.0.3-bridge.7.tsgo.7.0.2

packages:

  '@atcute/atproto@4.0.3':
    resolution: {integrity: sha512-BNylfO7nK0yYBpSpnGhOYgrJTeZWrXHPrb6tOQmp9A3Am0epctIWm6/5lPC4ZNPHpUbwr5w/LzH/v7kjAoKEDg==}
    peerDependencies:
      '@atcute/lexicons': ^2.0.0

  '@atcute/cid@2.4.2':
    resolution: {integrity: sha512-Uy48yfyo/hPQXF+XMXWIGomF6v8IvX5ErjozXMV7rlfU3EV7PSVX3J7plJXV6MRC3iI1z3PgTZTS7V0drCQVVw==}

  '@atcute/client@5.1.1':
    resolution: {integrity: sha512-cn5/Zi/qo37WtQG6gzIC7JPs0RDzX9Z4eaceX45SpKgLZoc3fCFDJcE7C8xsbxBNfjry2T6PmUxWA8obebZsEQ==}
    peerDependencies:
      '@atcute/lexicons': ^2.0.0

  '@atcute/identity-resolver-node@2.0.1':
    resolution: {integrity: sha512-UtcmhY4Oxk9tk1elTHmilcIXA1EFtGQae7mp3l8Xqs6EZsZyH3cUDf/2jS1CoRT1GE/i3WfnLaxYmdMIVau1kg==}
    peerDependencies:
      '@atcute/identity': ^2.0.0
      '@atcute/identity-resolver': ^2.0.0
      '@atcute/lexicons': ^2.0.0

  '@atcute/identity-resolver@2.0.1':
    resolution: {integrity: sha512-0enA9w7XnbbqsZ5Rcl6jXLf7ZZuwFQ9dBmxFq3qOxPHLaCETsqsrQflXDPqiM27TnZwYq8sqCV5D1mFOksggDQ==}
    peerDependencies:
      '@atcute/identity': ^2.0.0
      '@atcute/lexicons': ^2.0.0

  '@atcute/identity@2.0.2':
    resolution: {integrity: sha512-amr/EQceqVtBVmjBK4uUF7nKKYuRttadigpvOcAn4dnO6SNSwSjQi8KDH9LnukEotPsSP4UDsQvNfHWEoUcslw==}
    peerDependencies:
      '@atcute/lexicons': ^2.0.0

  '@atcute/lexicon-community@2.0.4':
    resolution: {integrity: sha512-EKiS9patJqGG8iTLTOg+Jp2UByt/hFUgVq/VNKMCCFJyx7g5heqMFKA43DjtKaq7fnfNbHvmptl9rELs6KCu/w==}
    peerDependencies:
      '@atcute/lexicons': ^2.0.0

  '@atcute/lexicons@2.0.3':
    resolution: {integrity: sha512-rs3WqZIQ7lhSYXEvRU/x9rBMY2/fzvrsTgTf2/bgt+MgIQqOKAMySK3TWqfrvesGHDLxFlunHE3uMXeNdEC90Q==}

  '@atcute/multibase@1.2.5':
    resolution: {integrity: sha512-cReTONgYpQo/VHD3ZmzPNoyBKJgSk1J4h//cvvdVVJBMar+SjlQ/sUXeTjQfuyfmDKv+TLKhmutLcvbMcQ9Rvw==}

  '@atcute/oauth-crypto@1.0.1':
    resolution: {integrity: sha512-ghC8ceFx0r6pi5X3dNoET1K6PNg8afeAOZLD4PKLhrpVYdRtRrgY4uqAe3ojtSIjoS6GXmVm063CoJ2xtg/MoQ==}

  '@atcute/oauth-keyset@0.1.2':
    resolution: {integrity: sha512-2CUazWBWRjSEoYZDaLS4zEPgCOcr9LgnMhPr1pzr9I+DytRnoXmrdbRs4xBVg4iUdXtdzU48DsMaGi6bHXaFcg==}

  '@atcute/oauth-node-client@2.0.1':
    resolution: {integrity: sha512-MgqN9Rnt5nuUH5zriETtbQrwcx/tWaELKaFVQtqggMtRI4k4IP5+ZbnG40tiJjbZfSclapA2kwOnT14kO0nAxg==}
    peerDependencies:
      '@atcute/identity-resolver': ^2.0.0
      '@atcute/lexicons': ^2.0.0

  '@atcute/oauth-types@1.0.1':
    resolution: {integrity: sha512-9uFP/nK0PgPDsaNbLArzrCHvTZO1k04cSEX5jZ75W2Jh7Jxbh/CSTenSrad3CZXuX6y6hDquEtl6H/IqLtTmHw==}

  '@atcute/uint8array@1.1.5':
    resolution: {integrity: sha512-1SFCXOtjE3ismP92CqzbOfYSwJmPPPFbj798wLXSpLv2hSd5OIaUrTh6EqRVR1VZ3ZhR+vaBmd3kxAN0wkw+gQ==}

  '@atcute/util-fetch@2.0.2':
    resolution: {integrity: sha512-I0oenHlJjwRpWPyAJojox5H0z9NthhdMFaEjtkxyjo85VPPxk1vMJk/1ZjMJsrs1SgHhB3spazEWzV5DW8w70A==}

  '@atcute/util-text@1.3.4':
    resolution: {integrity: sha512-u2UAM7iSM09sQaSG9jtxWFSPgB8boVj50/BoyMvYnhVgGBu+nXIuAcdDUQCsZA44YZgTPPhN/b86JX+jH7SPzQ==}

  '@clack/core@1.4.3':
    resolution: {integrity: sha512-/kr3UWNtdJfxZtPgDqUOmG2pvwlmcLGheex5yiZKdwbzZJxhV+HMNR9QNmyY5cGwTNV6LrR7Jtp+KjhUAP1qBQ==}
    engines: {node: '>= 20.12.0'}

  '@clack/prompts@1.7.0':
    resolution: {integrity: sha512-y7/yvZ2TPAnR9+jnc00klvNNLkJiXFFrQA/hlLCcxA9a2A4zQIOimyFQ9XfwYKiGD1fb5GY8vbKIIgO8d5Tb2A==}
    engines: {node: '>= 20.12.0'}

  '@e18e/eslint-plugin@0.6.0':
    resolution: {integrity: sha512-JQkeXoZA12f9WM2H4t4IobIRqlPvYLeNAjZF6raFu2vmD5YoyuzKmwsLZNJ4g/39c3v1Se2ad3o+oq4y2et/RA==}
    peerDependencies:
      eslint: ^9.0.0 || ^10.0.0
      oxlint: ^1.72.0
    peerDependenciesMeta:
      eslint:
        optional: true
      oxlint:
        optional: true

  '@emnapi/runtime@1.11.3':
    resolution: {integrity: sha512-Xz4Tpyki7XyrpbUK1jR1AhdAdaXyhhY4lZ3neLodmhpuWfy2PAQN5B46sAiU4liOXGLkHypn/qU+jvfWSCYYLA==}

  '@hono/node-server@2.0.12':
    resolution: {integrity: sha512-eWpQYr67tqJLeaSUl0Q+TquuYfUdTibpOJlUMV2FfUP7+KqCC5TufnwnlXL6mobZBJbGAYRd7ZvEBDCbLInjhg==}
    engines: {node: '>=20'}
    peerDependencies:
      hono: ^4

  '@img/colour@1.1.0':
    resolution: {integrity: sha512-Td76q7j57o/tLVdgS746cYARfSyxk8iEfRxewL9h4OMzYhbW4TAcppl0mT4eyqXddh6L/jwoM75mo7ixa/pCeQ==}
    engines: {node: '>=18'}

  '@img/sharp-darwin-arm64@0.35.3':
    resolution: {integrity: sha512-RMnFX7YQsMoh7lWfcM4NEHHymBX/rLuKNPVM84XE9ONPcaSCDgE7CHIHpSgPcO2xcRthgBy1HfNO319mwhIAkg==}
    engines: {node: '>=20.9.0'}
    cpu: [arm64]
    os: [darwin]

  '@img/sharp-darwin-x64@0.35.3':
    resolution: {integrity: sha512-Xo+5uFBtLN0BKqieTxiFzFPQAUlBbbH5iBKyRX/z1JrbnYsHTfKJnUfL8+p2TPXr1pXqao4eeL4Rl144uDpK9w==}
    engines: {node: '>=20.9.0'}
    cpu: [x64]
    os: [darwin]

  '@img/sharp-freebsd-wasm32@0.35.3':
    resolution: {integrity: sha512-lUxcqWIj2wMQ9BrwNjngcr1gWUr5xgaGThBRqPPalIC2n67Cqj1uPh8NnA/ZhAg8hUbKl+kVHKwgUIwe6ZYPrg==}
    engines: {node: '>=20.9.0'}
    os: [freebsd]

  '@img/sharp-libvips-darwin-arm64@1.3.2':
    resolution: {integrity: sha512-9J6ypZFpQBj4YnePGoq/S38w6nz+vqg5WZLrLGY4YuSemdMq47GMLBPO42MzwdGwpg/agZ7xzZcFHa48xlywfg==}
    cpu: [arm64]
    os: [darwin]

  '@img/sharp-libvips-darwin-x64@1.3.2':
    resolution: {integrity: sha512-m2pW1n6cns9VaubNwsZ+c3CRYjxNQWgJ5gPlnL1nbBcpkBvFm6SCFN5o0psFHI8w9n11NKhFkeEDns98tiqbEw==}
    cpu: [x64]
    os: [darwin]

  '@img/sharp-libvips-linux-arm64@1.3.2':
    resolution: {integrity: sha512-dqVSFynCox4C/J8kT16V7SIFAns0IjgLwkvYT7p8LQVmJ5OS5b6tI9IGflxTeuBS//zXeFIUbwt5dwxyZ17cnA==}
    cpu: [arm64]
    os: [linux]
    libc: [glibc]

  '@img/sharp-libvips-linux-arm@1.3.2':
    resolution: {integrity: sha512-1eMLzy92I4J6rmi4mAT8yC3HxOtniyGELlzGbNMLLeqe052ahFQ0h6LFq+lh5DsDIdYViIDst08abvSbcEdLXQ==}
    cpu: [arm]
    os: [linux]
    libc: [glibc]

  '@img/sharp-libvips-linux-ppc64@1.3.2':
    resolution: {integrity: sha512-3z0NHDxD6n5I9gc05U1eW1AyRm+Gznzq3naMrthPNqE6oYykcogW0l/jfpJdjYnuNl8R7yI9pNbE1XiUeyq0Aw==}
    cpu: [ppc64]
    os: [linux]
    libc: [glibc]

  '@img/sharp-libvips-linux-riscv64@1.3.2':
    resolution: {integrity: sha512-bsb4rI+NldGOsXuej2r8OdSS8+zXDVaCWxyWrcv6kneTOlgAHtZABRzBBCwdsPiD90J4myNJuHpg6kA20ImW/w==}
    cpu: [riscv64]
    os: [linux]
    libc: [glibc]

  '@img/sharp-libvips-linux-s390x@1.3.2':
    resolution: {integrity: sha512-/ABshyj8gCpyIrNXnHn4LorDJ0HHm1VhXPBlxZ8zAtfVPAaSafXPGn+sUSIRiwaSBy0mmFjSjiXI5mkcwdChKQ==}
    cpu: [s390x]
    os: [linux]
    libc: [glibc]

  '@img/sharp-libvips-linux-x64@1.3.2':
    resolution: {integrity: sha512-ITPEtgffGJ0S6G9dRyw/366tJQqFRcHWPHhC+Stpg3Z8AEMrDrTr2lhdz4f/Y/HMbRh//7Z5mBzEpVdi62Oc3w==}
    cpu: [x64]
    os: [linux]
    libc: [glibc]

  '@img/sharp-libvips-linuxmusl-arm64@1.3.2':
    resolution: {integrity: sha512-zE9EdiUzUmg5mDT5a1rk5fYJ6GWPloTwWBYDS14naqHsL+EaMpDj1AWnpLgh3u0YCORv2Tt50wrcrpYqkP97Kw==}
    cpu: [arm64]
    os: [linux]
    libc: [musl]

  '@img/sharp-libvips-linuxmusl-x64@1.3.2':
    resolution: {integrity: sha512-m0lrLiUt+lBYnCFr8qV/65yMR4E/c7/wf78I5eKTdkEakFAlZ9QlzEM3QIhhAwVeUhLAHLcCq7a7Vszq/oFNZQ==}
    cpu: [x64]
    os: [linux]
    libc: [musl]

  '@img/sharp-linux-arm64@0.35.3':
    resolution: {integrity: sha512-QgKDspHPnrU+GQ55XPhGwyhC8acLVOOSyAvo1oVfFmrIXLkDNmGWzAfDZ4xK8oSA1qBQrALcHX0G5UZni/SuFQ==}
    engines: {node: '>=20.9.0'}
    cpu: [arm64]
    os: [linux]
    libc: [glibc]

  '@img/sharp-linux-arm@0.35.3':
    resolution: {integrity: sha512-affVWCTLooy8TSxbDx2qkzuDeaWLNVBA+P//FNBirHsXpP2fuBhk5AuboYUnrDnzoXes8GFjpTx0SBFOCRg+FA==}
    engines: {node: '>=20.9.0'}
    cpu: [arm]
    os: [linux]
    libc: [glibc]

  '@img/sharp-linux-ppc64@0.35.3':
    resolution: {integrity: sha512-sMd8rDxmpLOwv/7N44klFjOD5DUO7FLdjiXDI0hoxYaf7Ar262dQIEkosE98bps+5HPLtp/EvNqeqQtOycP/IA==}
    engines: {node: '>=20.9.0'}
    cpu: [ppc64]
    os: [linux]
    libc: [glibc]

  '@img/sharp-linux-riscv64@0.35.3':
    resolution: {integrity: sha512-0Eob78yjlYPfL5vMNWAW55l3R9Y6BQS/gOfe0ZcP9mEz9ohhKSt4im1hayiknXgf8AWrFqMvJcKIdmLmEe7yeQ==}
    engines: {node: '>=20.9.0'}
    cpu: [riscv64]
    os: [linux]
    libc: [glibc]

  '@img/sharp-linux-s390x@0.35.3':
    resolution: {integrity: sha512-KgAxQ0DxpNOq1rG2t5cgTgShJFGSuU7XO45cqC+1NVOuZnP6tlgZRuSYOfNupGkHID0o3cJOsw4DVeJpMovcGw==}
    engines: {node: '>=20.9.0'}
    cpu: [s390x]
    os: [linux]
    libc: [glibc]

  '@img/sharp-linux-x64@0.35.3':
    resolution: {integrity: sha512-8pqvxubL2PGdhlPy6GLqzDYMUjyRmKAwKHYKixpdJYBUK7PJ0C029XdsnpFIdgRZG68fZiGdHVWcKPvtiPB4cA==}
    engines: {node: '>=20.9.0'}
    cpu: [x64]
    os: [linux]
    libc: [glibc]

  '@img/sharp-linuxmusl-arm64@0.35.3':
    resolution: {integrity: sha512-Vz0iQjzzcSX3HCbfwFfCSG/9SCIqyO0mH2sXyiHaAYfBk0cRsCWXRyQYX0ovCK/PAQBbTzQ0dsPQHh5MAFL59w==}
    engines: {node: '>=20.9.0'}
    cpu: [arm64]
    os: [linux]
    libc: [musl]

  '@img/sharp-linuxmusl-x64@0.35.3':
    resolution: {integrity: sha512-6O1NPKcDVj9QEdg7Hx549EX8U0rp6yXQERqru6yRN7fGBn32UvIRJUlWnk+8xDCiG76hXVBbX82NZ/ZKr0euIg==}
    engines: {node: '>=20.9.0'}
    cpu: [x64]
    os: [linux]
    libc: [musl]

  '@img/sharp-wasm32@0.35.3':
    resolution: {integrity: sha512-cZ0XkcYGpHZkqW6iCkqTcmUC0CD9DhD5d/qeZlZkfRBn6GnHniZXLUo5+9xw8Iv76YE6LQFN9YNBlKREcCG76w==}
    engines: {node: '>=20.9.0'}

  '@img/sharp-webcontainers-wasm32@0.35.3':
    resolution: {integrity: sha512-2rnq7bX3NzeR2T4YWgz8qiG4h3TSdMe+vN1iQXpJleSJ3SM5zQ8Fy2SyyXAWlbxpEZ2Y+Z4u1BePgJEYbSy80Q==}
    engines: {node: '>=20.9.0'}
    cpu: [wasm32]

  '@img/sharp-win32-arm64@0.35.3':
    resolution: {integrity: sha512-4bPwFdMbeC4JQ8L8LOyWp6nsHcboP5fxkp6iPOXz2Vg49R42TuMs2whkJ5OAP4/Ul035qOzy0AecOF9VOscn4w==}
    engines: {node: '>=20.9.0'}
    cpu: [arm64]
    os: [win32]

  '@img/sharp-win32-ia32@0.35.3':
    resolution: {integrity: sha512-r53mXsBN6lFUDiST764SvgwUdHAqM4rPAiDzAmf4fLoB6X/rkfyTrLCg6+g17wJJiCmB3JYgHuUldCWUIRFSXw==}
    engines: {node: ^20.9.0}
    cpu: [ia32]
    os: [win32]

  '@img/sharp-win32-x64@0.35.3':
    resolution: {integrity: sha512-D4y1vNeZrIIJCN+uHaWVtH86B+aCrdMYYjicy9pXHvbGZeGYLLSd3wdVuC37FxVXlU1ARsk84eKWfWMXGYEqvA==}
    engines: {node: '>=20.9.0'}
    cpu: [x64]
    os: [win32]

  '@oxlint-tsgolint/darwin-arm64@7.0.2001':
    resolution: {integrity: sha512-CUJEdbSZ54+Xy9OXqOhWLTKZKV0BBiV7C2i/ygyVmXtkUNXx5YCzN8DpSSshTAKktoL7S+tnQ/ftFG/i7X896w==}
    cpu: [arm64]
    os: [darwin]

  '@oxlint-tsgolint/darwin-x64@7.0.2001':
    resolution: {integrity: sha512-pXfBb5BqONCcgrXQNUZWXgiYmRSWJzd97S8i41VVOh6ut0tyo+cJ5FKFpczDHxiVNfj/3e7c9B4MtztNdpIVCw==}
    cpu: [x64]
    os: [darwin]

  '@oxlint-tsgolint/linux-arm64@7.0.2001':
    resolution: {integrity: sha512-roP7zujb/QDPzDwEKsFFpzNHHy91/Y7oX9vQXk78ekyZtcQj1QXDIMH33gjDdHBfRl4K9pZ36xhRgrP4Zr+R8A==}
    cpu: [arm64]
    os: [linux]

  '@oxlint-tsgolint/linux-x64@7.0.2001':
    resolution: {integrity: sha512-UDezNqdECVmngu2TPnjaS1YoAmcTaBoI5lV9vk3VahBxoi+I5r9k3iJTT7qZoYWOXTD/7T7bNcwRgrocR6BscQ==}
    cpu: [x64]
    os: [linux]

  '@oxlint-tsgolint/win32-arm64@7.0.2001':
    resolution: {integrity: sha512-uJZhqB6pdXLuN+AD1F5082byyQti/NPmJA77GtcFlmT2HzRelqbNls3SaIqxpjdFgvSBF9g0yOKGBkGFg7kX8Q==}
    cpu: [arm64]
    os: [win32]

  '@oxlint-tsgolint/win32-x64@7.0.2001':
    resolution: {integrity: sha512-FkDRm8hx9OwzGQqyWG1tO5QrTLRApff9DzSgpz9QZau37BR8d1VYKOxMLGf6shPZntJFoTwIIJYT68VndYDCog==}
    cpu: [x64]
    os: [win32]

  '@oxlint/binding-android-arm-eabi@1.76.0':
    resolution: {integrity: sha512-ZHIE5Zt9AsPDcY4nOlofXt0YfneEeo+QrKMPcPzLf2Z6Q8VtV2W73d7SFJ920WUwyik783u/doKCs3KXdwG+7w==}
    engines: {node: ^20.19.0 || >=22.12.0}
    cpu: [arm]
    os: [android]

  '@oxlint/binding-android-arm64@1.76.0':
    resolution: {integrity: sha512-shm/ngQilHK6bs+ElJWa4oHfNj5vL1Gl/iVEJldTQjpr0/67oSgr0KUpbmcnLig5Fo0v/l6j2567A7TOL89ONA==}
    engines: {node: ^20.19.0 || >=22.12.0}
    cpu: [arm64]
    os: [android]

  '@oxlint/binding-darwin-arm64@1.76.0':
    resolution: {integrity: sha512-rvJmrAPKSQ9aWJ6wIS6CK2tJjwzfW0ApQH9qokq6sfDvmHwoyIHxHFMq7z7i7GiV6fdE6s8qvBqWKPTu8RmT6Q==}
    engines: {node: ^20.19.0 || >=22.12.0}
    cpu: [arm64]
    os: [darwin]

  '@oxlint/binding-darwin-x64@1.76.0':
    resolution: {integrity: sha512-U/zYdb7VYKGY6pA9Vd2rYl9O/HlCylcOlb5PGPvVLtg+oLGsk6H3XGKEMHKyqD3nmmtmlmwb/8SwU2vfSAtvMw==}
    engines: {node: ^20.19.0 || >=22.12.0}
    cpu: [x64]
    os: [darwin]

  '@oxlint/binding-freebsd-x64@1.76.0':
    resolution: {integrity: sha512-WvKG9CAriuo0XNiFzpXjDngUZcRGFNpaK2kLyMUsnJlShxkT96u+BpJQ3KqdQwGOrvI14L6V8bAwXwAYNNY6Jg==}
    engines: {node: ^20.19.0 || >=22.12.0}
    cpu: [x64]
    os: [freebsd]

  '@oxlint/binding-linux-arm-gnueabihf@1.76.0':
    resolution: {integrity: sha512-qJ5+RH99TqFRq3UCDxkW0zJJu9c+OAHFY72vGlxZLEpuO+MpKo3POgqb8sYipL9KYm8XY6ofb0HsOuvY6hQNqQ==}
    engines: {node: ^20.19.0 || >=22.12.0}
    cpu: [arm]
    os: [linux]

  '@oxlint/binding-linux-arm-musleabihf@1.76.0':
    resolution: {integrity: sha512-PvPCVptkgVARsucgIqFQQcSmJ6xc6GtnVB5bRBekRahTc9eObMtjHfMjy5M+C2tHt5UCMttWM9RuSk/H9NqYeg==}
    engines: {node: ^20.19.0 || >=22.12.0}
    cpu: [arm]
    os: [linux]

  '@oxlint/binding-linux-arm64-gnu@1.76.0':
    resolution: {integrity: sha512-3KeFDx8Bu4HPAXbuHZOr/oHvN+QT+JQhMw/NYPz7Z071xLSsG27Jfh9PIQVEY7hk1I+jr43ExqRIeJ6VKk2yLw==}
    engines: {node: ^20.19.0 || >=22.12.0}
    cpu: [arm64]
    os: [linux]
    libc: [glibc]

  '@oxlint/binding-linux-arm64-musl@1.76.0':
    resolution: {integrity: sha512-oPFkkKTgl0K/EIg9fQ8oA3IGcI05/Mq1en04iFa41mmNPT+6KEiByVazTOZZJiHMBBrbsns1YJ2e1Scqwzesjw==}
    engines: {node: ^20.19.0 || >=22.12.0}
    cpu: [arm64]
    os: [linux]
    libc: [musl]

  '@oxlint/binding-linux-ppc64-gnu@1.76.0':
    resolution: {integrity: sha512-gN7yZ0eqflA5Fhf1wvHxGUltIV3FsvmB1zhNMDEK9vSHhc7E6qg9CuPeBgPZab66Tjzq6w6kHAtNEvnTHf4cyw==}
    engines: {node: ^20.19.0 || >=22.12.0}
    cpu: [ppc64]
    os: [linux]
    libc: [glibc]

  '@oxlint/binding-linux-riscv64-gnu@1.76.0':
    resolution: {integrity: sha512-S/HqMbn22mQrjtErUxEoS/a55u8kIeXvreIxiJu5G7Le3UecEd6SQZxrDIpuhtgaFnsY/nVra3ytP+pRljDilA==}
    engines: {node: ^20.19.0 || >=22.12.0}
    cpu: [riscv64]
    os: [linux]
    libc: [glibc]

  '@oxlint/binding-linux-riscv64-musl@1.76.0':
    resolution: {integrity: sha512-ZIga3097VJZolGZk6SrIAUokIGfRkxRlhiHDUznZptGBfwrhD7pNfD1rzEzsCwvk/1DX0A1bLz+liuNh5QKIVQ==}
    engines: {node: ^20.19.0 || >=22.12.0}
    cpu: [riscv64]
    os: [linux]
    libc: [musl]

  '@oxlint/binding-linux-s390x-gnu@1.76.0':
    resolution: {integrity: sha512-ZGiiA7pFzMJSyMWYZTVlPgbTsx+Vl8ihLGMIujPwaslUF7kIPPWAbVmAlTc+9lWDV+DCiB8Ikixu+lSHeOIIWQ==}
    engines: {node: ^20.19.0 || >=22.12.0}
    cpu: [s390x]
    os: [linux]
    libc: [glibc]

  '@oxlint/binding-linux-x64-gnu@1.76.0':
    resolution: {integrity: sha512-JLiy5WuvEBFTT6ErIFV35SLzi0R7Iri6MKU6dZbTxfIx8pndbbPs3Mj780nMipBFcPkti+okAPOJ9POKkHFEgg==}
    engines: {node: ^20.19.0 || >=22.12.0}
    cpu: [x64]
    os: [linux]
    libc: [glibc]

  '@oxlint/binding-linux-x64-musl@1.76.0':
    resolution: {integrity: sha512-z7lgKQtbo/I1NIe8G5NHLesxJDv0tRSUWTpXKb9Pm3E9nKFKfO4IOSDtFroKgXtOYb0jQbcdH+0wzTyMXVes+A==}
    engines: {node: ^20.19.0 || >=22.12.0}
    cpu: [x64]
    os: [linux]
    libc: [musl]

  '@oxlint/binding-openharmony-arm64@1.76.0':
    resolution: {integrity: sha512-JOjKymIpb9QcYfEhZsN6h4V9Ivd474W38cNIBRv6bg2TbIvogbMTH0Mg6YWW9TiRDqfcX+/Hyfsbo5vcSE5guQ==}
    engines: {node: ^20.19.0 || >=22.12.0}
    cpu: [arm64]
    os: [openharmony]

  '@oxlint/binding-win32-arm64-msvc@1.76.0':
    resolution: {integrity: sha512-pqDWZiwcmByWUEm1NFUBNiT6aentCcaoMWJv0HbXEmuYermJ4sg8ppVrshubYP2MZ6SHccJJcpr6x469PuDFIw==}
    engines: {node: ^20.19.0 || >=22.12.0}
    cpu: [arm64]
    os: [win32]

  '@oxlint/binding-win32-ia32-msvc@1.76.0':
    resolution: {integrity: sha512-Ba0O659kgMv6pwO3z9PdO+K3aMxQRaw9HnG+e6AtOfgwcKFvYilciQYBoUBmxfQvOCKZe1SwjMkuB542NkuDMQ==}
    engines: {node: ^20.19.0 || >=22.12.0}
    cpu: [ia32]
    os: [win32]

  '@oxlint/binding-win32-x64-msvc@1.76.0':
    resolution: {integrity: sha512-5qcirPHO8nKfkoowEVWtpAoVTcYDy6g0UT0NGic450Qv8J2NrOqg4uQ8QppRP4MDTC7Xx47lbZnmadTH03CGGA==}
    engines: {node: ^20.19.0 || >=22.12.0}
    cpu: [x64]
    os: [win32]

  '@rlly/pedantic@0.6.0':
    resolution: {integrity: sha512-kfc9jEeTqrPmOE8DqiphmJ3a35FLc4xUvKR6sVqWTbwXkYgjEIKL7zSBOmrGcwQhlNSzsf2pGIOFeD1WJfmBsQ==}
    engines: {node: ^24.0.0}
    peerDependencies:
      '@e18e/eslint-plugin': ^0.6.0
      oxlint: 1.76.0
      oxlint-tsgolint: 7.0.2001
    peerDependenciesMeta:
      '@e18e/eslint-plugin':
        optional: true
      oxlint-tsgolint:
        optional: true

  '@standard-schema/spec@1.1.0':
    resolution: {integrity: sha512-l2aFy5jALhniG5HgqrD6jXLi/rUWrKvqN/qJx6yoJsgKhblVd+iqqU4RCXavm/jPityDo5TCvKMnpjKnOriy0w==}

  '@types/node@26.1.2':
    resolution: {integrity: sha512-Vu4a5UFA9rIIFJ7rB/Vaafh9lrCQszopTCx6KjFboXTGQbPNasehVR5TEiithSDGyd1DEiUByggTZsg8jukeIg==}

  '@typescript-native-bridge/darwin-arm64@6.0.3-bridge.7.tsgo.7.0.2':
    resolution: {integrity: sha512-fLCYcIC3BOBZlrtwwtxQI0fMQ5GKg5ZQHLjcMASWNOClVAxPiPR0EigOktiuAPx9Pgjas9E4cDC2bgz7jwYNWg==}
    cpu: [arm64]
    os: [darwin]

  '@typescript-native-bridge/darwin-x64@6.0.3-bridge.7.tsgo.7.0.2':
    resolution: {integrity: sha512-ITCxLSnXrT5YJkLMuwmAEfImCTxow68HQ8v7cC802InCD567YOLGMOYhV0jQ8A0v4VLraZxCPgk/fU4L1LWQpw==}
    cpu: [x64]
    os: [darwin]

  '@typescript-native-bridge/linux-arm64@6.0.3-bridge.7.tsgo.7.0.2':
    resolution: {integrity: sha512-0tSYxVAYLFWyexvqPI8heTzw+Q2C5SB+IdDa3aHPFh0um/giI2Dn1izZ+MqU960GaHdd1jILKKKUGDl6BeR6uA==}
    cpu: [arm64]
    os: [linux]

  '@typescript-native-bridge/linux-arm@6.0.3-bridge.7.tsgo.7.0.2':
    resolution: {integrity: sha512-vD6YOl+Km4hvsOeLpa2j2epqJ0MXs56T/1spHJniCcvLsMdJcSfNluyF38UG6moXpLj13FrSvo8WPua/0i+DNQ==}
    cpu: [arm]
    os: [linux]

  '@typescript-native-bridge/linux-x64@6.0.3-bridge.7.tsgo.7.0.2':
    resolution: {integrity: sha512-AgUtqAuVpN3VR/F0MbRzkbC6ItwyrR7ycpQHqeuy5zUqrUzW/6U+Zr4RE78FmCJ33BMNwbZ136Tf2TM2phQOSA==}
    cpu: [x64]
    os: [linux]

  '@typescript-native-bridge/win32-arm64@6.0.3-bridge.7.tsgo.7.0.2':
    resolution: {integrity: sha512-rzDocjTuBSL1B9sCTEUef0XkVqNXdZyYDVM37WK5CRUc/s951w8Ve9WeIZ8P8XJbngDT+xkCKewhfUEZ1DAewQ==}
    cpu: [arm64]
    os: [win32]

  '@typescript-native-bridge/win32-x64@6.0.3-bridge.7.tsgo.7.0.2':
    resolution: {integrity: sha512-ryDn3FJGuotV9vGcEjulslHR5VJiRLbiuZCI0JGWo4uQnnTQHIliO1Te4JP/CiRZboN4Ms7mWu25MpeJF5oNyw==}
    cpu: [x64]
    os: [win32]

  detect-libc@2.1.2:
    resolution: {integrity: sha512-Btj2BOOO83o3WyH59e8MgXsxEQVcarkUOpEYrubB0urwnN10yQ364rsiByU11nZlqWYZm05i/of7io4mzihBtQ==}
    engines: {node: '>=8'}

  devalue@5.9.0:
    resolution: {integrity: sha512-RWrqdArjvPbsATEhOPUo6Wndc/iWnkWKlhIrdlF3zMMYo/c3CVtoaVAyLtWxz5h8nSlkHzxnzV2uLydPXmtF+A==}

  empathic@2.0.1:
    resolution: {integrity: sha512-YGRs8knHhKHVShLkFET/rWAU8kmHbOV5LwN938RHI0pljAJ1Gf6SzXsSmRaEzcXTtOOmVqJ5+WtQPL5uigY50Q==}
    engines: {node: '>=14'}

  esm-env@1.2.2:
    resolution: {integrity: sha512-Epxrv+Nr/CaL4ZcFGPJIYLWFom+YeV1DqMLHJoEd9SYRxNbaFruBwfEX/kkHUJf55j2+TUbmDcmuilbP1TmXHA==}

  fast-string-truncated-width@3.0.3:
    resolution: {integrity: sha512-0jjjIEL6+0jag3l2XWWizO64/aZVtpiGE3t0Zgqxv0DPuxiMjvB3M24fCyhZUO4KomJQPj3LTSUnDP3GpdwC0g==}

  fast-string-width@3.0.2:
    resolution: {integrity: sha512-gX8LrtNEI5hq8DVUfRQMbr5lpaS4nMIWV+7XEbXk2b8kiQIizgnlr12B4dA3ZEx3308ze0O4Q1R+cHts8kyUJg==}

  fast-wrap-ansi@0.2.2:
    resolution: {integrity: sha512-7F2Fl+TjRSenLqlU3UjSH0iyqopqoZIu7eZVpEirP2g1GtWa2G/ecEmBdgz31+Mxr+ELclgg6sokpSFIQiZ02Q==}

  hono@4.12.34:
    resolution: {integrity: sha512-GqXJqY/xJkJmuloTrnV1ZEXG3fqte+VjkUqoRNZXcrUidiUOP4fMSIHHY4tsqZBK++kVyWmt/AAfSUuy57/eSA==}
    engines: {node: '>=16.9.0'}

  module-replacements@3.1.0:
    resolution: {integrity: sha512-MSTNGqlp2q0seRlrAA/FK3SUkGnmPeexeKWuCjeJ7HobD2RCjk4f8ry8lJ+nUQFDVBAHSdC4TdjyJSaocnR7Uw==}

  nanoid@5.1.16:
    resolution: {integrity: sha512-kVrnsrJqMR8+oLJnGEmSWw9BivK5mt7H3FZatVRjrc5wGqFYuBxX1yG7+A7Gi5AefkX6t/oCkizcQgpu0cY1dQ==}
    engines: {node: ^18 || >=20}
    hasBin: true

  oxlint-tsgolint@7.0.2001:
    resolution: {integrity: sha512-KjK/XLcXr1DSyonKhsuFqJRiuKqcyG9j3LJ8nkOsrLzGvodBPqzHOKauy10asLMDI0sUpvb+1sxlzff3udZvfg==}
    hasBin: true

  oxlint@1.76.0:
    resolution: {integrity: sha512-6QoFioEU4fNdiUx/2Eo6TRd6NG7H7njnRCz8rhB66cZmMHDTqcm1Rjvl8Wry+ZTQMBAmyb4Mlf62Mk5X+eHSOw==}
    engines: {node: ^20.19.0 || >=22.12.0}
    hasBin: true
    peerDependencies:
      oxlint-tsgolint: '>=7.0.2001'
      vite-plus: '*'
    peerDependenciesMeta:
      oxlint-tsgolint:
        optional: true
      vite-plus:
        optional: true

  prettier@3.9.6:
    resolution: {integrity: sha512-OpN0zzVdiaiAhxpuuj5efpIS4sY9j7bY6uR5mnj5yPzGkdkjNKSJeUThPb60Jw29QuAZgA4o+/iB49kFiaBX6g==}
    engines: {node: '>=14'}
    hasBin: true

  semver@7.8.5:
    resolution: {integrity: sha512-Y7/KDsb8LjooZpwaqGyulO6DQlksgCncchHGk+sZIY4SBvUocMBEFH5Ur1fI4dV+Jvl0w6cjvucaIi40puRioA==}
    engines: {node: '>=10'}
    hasBin: true

  sharp@0.35.3:
    resolution: {integrity: sha512-ej0zVHuZGHCiABXcNxeYhpRnPNPAcvbG8RMdBAhDAxLKkCRVSpK3Iyu7qbqw3JMzoj0REeM6f3tJLtVwl0023Q==}
    engines: {node: '>=20.9.0'}
    peerDependencies:
      '@types/node': '*'
    peerDependenciesMeta:
      '@types/node':
        optional: true

  sisteransi@1.0.5:
    resolution: {integrity: sha512-bLGGlR1QxBcynn2d5YmDX4MGjlZvy2MRBDRNHLJ8VI6l6+9FUiyTFNJ0IveOSP0bcXgVDPRcfGqA0pjaqUpfVg==}

  tiny-open@1.3.0:
    resolution: {integrity: sha512-GUFS8yjJZq0oWqCKCJVHcBgMpmi2WEGXY1le3E5ncR0DsgTII5uUyxtfk8/vGyDDGBE42UYHR6Ocvlk8mkXSRg==}

  tslib@2.8.1:
    resolution: {integrity: sha512-oJFu94HQb+KVduSUQL7wnpmqnfmLsOA/nAh6b6EH0wCEoK0/mPeXU6c3wKDV83MkOuHPRHtSXKKU99IBazS/2w==}

  typescript-native-bridge@6.0.3-bridge.7.tsgo.7.0.2:
    resolution: {integrity: sha512-n5nAajn/pEQFGvnFnieOl6QOZNliATCkPX1mWakHbmaimjQXYR/340kpMII7nQjbMiC+Hn2et7ikK/fdxBxfQA==}
    engines: {node: '>=20.19'}
    hasBin: true

  undici-types@8.3.0:
    resolution: {integrity: sha512-j375ScV60dom+YkPFIfTLcOiPxkN/buHz5GobjLhixFuANaNs3C9l4GmrWqejgXWJ7BbJcFYpTEUkS1Ge8bpZQ==}

  unicode-segmenter@0.17.3:
    resolution: {integrity: sha512-hKZwqBjJDmqNrq1+LjDxck1qLzJFcLLJM2Xq92ORRHOuau6GSHeELmn+uyk6zNH1CK9mogrUJGP9WJCJUQXMAw==}

  valibot@1.4.2:
    resolution: {integrity: sha512-gjdCvJ6d3RyHAneqxMYMW9QMCwYMb3jpOO0IyHZV1bnRHFBHrX3VkIILt5XYR0WhwHiH7Mty8ovuPZ/O3gamrg==}
    peerDependencies:
      typescript: '>=5'
    peerDependenciesMeta:
      typescript:
        optional: true

snapshots:

  '@atcute/atproto@4.0.3(@atcute/lexicons@2.0.3)':
    dependencies:
      '@atcute/lexicons': 2.0.3

  '@atcute/cid@2.4.2':
    dependencies:
      '@atcute/multibase': 1.2.5
      '@atcute/uint8array': 1.1.5

  '@atcute/client@5.1.1(@atcute/lexicons@2.0.3)(typescript-native-bridge@6.0.3-bridge.7.tsgo.7.0.2)':
    dependencies:
      '@atcute/identity': 2.0.2(@atcute/lexicons@2.0.3)(typescript-native-bridge@6.0.3-bridge.7.tsgo.7.0.2)
      '@atcute/lexicons': 2.0.3
    transitivePeerDependencies:
      - typescript

  '@atcute/identity-resolver-node@2.0.1(@atcute/identity-resolver@2.0.1(@atcute/identity@2.0.2(@atcute/lexicons@2.0.3)(typescript-native-bridge@6.0.3-bridge.7.tsgo.7.0.2))(@atcute/lexicons@2.0.3)(typescript-native-bridge@6.0.3-bridge.7.tsgo.7.0.2))(@atcute/identity@2.0.2(@atcute/lexicons@2.0.3)(typescript-native-bridge@6.0.3-bridge.7.tsgo.7.0.2))(@atcute/lexicons@2.0.3)':
    dependencies:
      '@atcute/identity': 2.0.2(@atcute/lexicons@2.0.3)(typescript-native-bridge@6.0.3-bridge.7.tsgo.7.0.2)
      '@atcute/identity-resolver': 2.0.1(@atcute/identity@2.0.2(@atcute/lexicons@2.0.3)(typescript-native-bridge@6.0.3-bridge.7.tsgo.7.0.2))(@atcute/lexicons@2.0.3)(typescript-native-bridge@6.0.3-bridge.7.tsgo.7.0.2)
      '@atcute/lexicons': 2.0.3

  '@atcute/identity-resolver@2.0.1(@atcute/identity@2.0.2(@atcute/lexicons@2.0.3)(typescript-native-bridge@6.0.3-bridge.7.tsgo.7.0.2))(@atcute/lexicons@2.0.3)(typescript-native-bridge@6.0.3-bridge.7.tsgo.7.0.2)':
    dependencies:
      '@atcute/identity': 2.0.2(@atcute/lexicons@2.0.3)(typescript-native-bridge@6.0.3-bridge.7.tsgo.7.0.2)
      '@atcute/lexicons': 2.0.3
      '@atcute/util-fetch': 2.0.2(typescript-native-bridge@6.0.3-bridge.7.tsgo.7.0.2)
      valibot: 1.4.2(typescript-native-bridge@6.0.3-bridge.7.tsgo.7.0.2)
    transitivePeerDependencies:
      - typescript

  '@atcute/identity@2.0.2(@atcute/lexicons@2.0.3)(typescript-native-bridge@6.0.3-bridge.7.tsgo.7.0.2)':
    dependencies:
      '@atcute/lexicons': 2.0.3
      valibot: 1.4.2(typescript-native-bridge@6.0.3-bridge.7.tsgo.7.0.2)
    transitivePeerDependencies:
      - typescript

  '@atcute/lexicon-community@2.0.4(@atcute/lexicons@2.0.3)':
    dependencies:
      '@atcute/atproto': 4.0.3(@atcute/lexicons@2.0.3)
      '@atcute/lexicons': 2.0.3

  '@atcute/lexicons@2.0.3':
    dependencies:
      '@atcute/uint8array': 1.1.5
      '@atcute/util-text': 1.3.4
      '@standard-schema/spec': 1.1.0
      esm-env: 1.2.2

  '@atcute/multibase@1.2.5':
    dependencies:
      '@atcute/uint8array': 1.1.5

  '@atcute/oauth-crypto@1.0.1(typescript-native-bridge@6.0.3-bridge.7.tsgo.7.0.2)':
    dependencies:
      '@atcute/multibase': 1.2.5
      '@atcute/uint8array': 1.1.5
      nanoid: 5.1.16
      valibot: 1.4.2(typescript-native-bridge@6.0.3-bridge.7.tsgo.7.0.2)
    transitivePeerDependencies:
      - typescript

  '@atcute/oauth-keyset@0.1.2(typescript-native-bridge@6.0.3-bridge.7.tsgo.7.0.2)':
    dependencies:
      '@atcute/oauth-crypto': 1.0.1(typescript-native-bridge@6.0.3-bridge.7.tsgo.7.0.2)
    transitivePeerDependencies:
      - typescript

  '@atcute/oauth-node-client@2.0.1(@atcute/identity-resolver@2.0.1(@atcute/identity@2.0.2(@atcute/lexicons@2.0.3)(typescript-native-bridge@6.0.3-bridge.7.tsgo.7.0.2))(@atcute/lexicons@2.0.3)(typescript-native-bridge@6.0.3-bridge.7.tsgo.7.0.2))(@atcute/lexicons@2.0.3)(typescript-native-bridge@6.0.3-bridge.7.tsgo.7.0.2)':
    dependencies:
      '@atcute/client': 5.1.1(@atcute/lexicons@2.0.3)(typescript-native-bridge@6.0.3-bridge.7.tsgo.7.0.2)
      '@atcute/identity': 2.0.2(@atcute/lexicons@2.0.3)(typescript-native-bridge@6.0.3-bridge.7.tsgo.7.0.2)
      '@atcute/identity-resolver': 2.0.1(@atcute/identity@2.0.2(@atcute/lexicons@2.0.3)(typescript-native-bridge@6.0.3-bridge.7.tsgo.7.0.2))(@atcute/lexicons@2.0.3)(typescript-native-bridge@6.0.3-bridge.7.tsgo.7.0.2)
      '@atcute/lexicons': 2.0.3
      '@atcute/oauth-crypto': 1.0.1(typescript-native-bridge@6.0.3-bridge.7.tsgo.7.0.2)
      '@atcute/oauth-keyset': 0.1.2(typescript-native-bridge@6.0.3-bridge.7.tsgo.7.0.2)
      '@atcute/oauth-types': 1.0.1(typescript-native-bridge@6.0.3-bridge.7.tsgo.7.0.2)
      '@atcute/util-fetch': 2.0.2(typescript-native-bridge@6.0.3-bridge.7.tsgo.7.0.2)
      nanoid: 5.1.16
      valibot: 1.4.2(typescript-native-bridge@6.0.3-bridge.7.tsgo.7.0.2)
    transitivePeerDependencies:
      - typescript

  '@atcute/oauth-types@1.0.1(typescript-native-bridge@6.0.3-bridge.7.tsgo.7.0.2)':
    dependencies:
      '@atcute/identity': 2.0.2(@atcute/lexicons@2.0.3)(typescript-native-bridge@6.0.3-bridge.7.tsgo.7.0.2)
      '@atcute/lexicons': 2.0.3
      '@atcute/oauth-keyset': 0.1.2(typescript-native-bridge@6.0.3-bridge.7.tsgo.7.0.2)
      valibot: 1.4.2(typescript-native-bridge@6.0.3-bridge.7.tsgo.7.0.2)
    transitivePeerDependencies:
      - typescript

  '@atcute/uint8array@1.1.5': {}

  '@atcute/util-fetch@2.0.2(typescript-native-bridge@6.0.3-bridge.7.tsgo.7.0.2)':
    dependencies:
      valibot: 1.4.2(typescript-native-bridge@6.0.3-bridge.7.tsgo.7.0.2)
    transitivePeerDependencies:
      - typescript

  '@atcute/util-text@1.3.4':
    dependencies:
      unicode-segmenter: 0.17.3

  '@clack/core@1.4.3':
    dependencies:
      fast-wrap-ansi: 0.2.2
      sisteransi: 1.0.5

  '@clack/prompts@1.7.0':
    dependencies:
      '@clack/core': 1.4.3
      fast-string-width: 3.0.2
      fast-wrap-ansi: 0.2.2
      sisteransi: 1.0.5

  '@e18e/eslint-plugin@0.6.0(oxlint@1.76.0(oxlint-tsgolint@7.0.2001))':
    dependencies:
      empathic: 2.0.1
      module-replacements: 3.1.0
      semver: 7.8.5
    optionalDependencies:
      oxlint: 1.76.0(oxlint-tsgolint@7.0.2001)

  '@emnapi/runtime@1.11.3':
    dependencies:
      tslib: 2.8.1
    optional: true

  '@hono/node-server@2.0.12(hono@4.12.34)':
    dependencies:
      hono: 4.12.34

  '@img/colour@1.1.0': {}

  '@img/sharp-darwin-arm64@0.35.3':
    optionalDependencies:
      '@img/sharp-libvips-darwin-arm64': 1.3.2
    optional: true

  '@img/sharp-darwin-x64@0.35.3':
    optionalDependencies:
      '@img/sharp-libvips-darwin-x64': 1.3.2
    optional: true

  '@img/sharp-freebsd-wasm32@0.35.3':
    dependencies:
      '@img/sharp-wasm32': 0.35.3
    optional: true

  '@img/sharp-libvips-darwin-arm64@1.3.2':
    optional: true

  '@img/sharp-libvips-darwin-x64@1.3.2':
    optional: true

  '@img/sharp-libvips-linux-arm64@1.3.2':
    optional: true

  '@img/sharp-libvips-linux-arm@1.3.2':
    optional: true

  '@img/sharp-libvips-linux-ppc64@1.3.2':
    optional: true

  '@img/sharp-libvips-linux-riscv64@1.3.2':
    optional: true

  '@img/sharp-libvips-linux-s390x@1.3.2':
    optional: true

  '@img/sharp-libvips-linux-x64@1.3.2':
    optional: true

  '@img/sharp-libvips-linuxmusl-arm64@1.3.2':
    optional: true

  '@img/sharp-libvips-linuxmusl-x64@1.3.2':
    optional: true

  '@img/sharp-linux-arm64@0.35.3':
    optionalDependencies:
      '@img/sharp-libvips-linux-arm64': 1.3.2
    optional: true

  '@img/sharp-linux-arm@0.35.3':
    optionalDependencies:
      '@img/sharp-libvips-linux-arm': 1.3.2
    optional: true

  '@img/sharp-linux-ppc64@0.35.3':
    optionalDependencies:
      '@img/sharp-libvips-linux-ppc64': 1.3.2
    optional: true

  '@img/sharp-linux-riscv64@0.35.3':
    optionalDependencies:
      '@img/sharp-libvips-linux-riscv64': 1.3.2
    optional: true

  '@img/sharp-linux-s390x@0.35.3':
    optionalDependencies:
      '@img/sharp-libvips-linux-s390x': 1.3.2
    optional: true

  '@img/sharp-linux-x64@0.35.3':
    optionalDependencies:
      '@img/sharp-libvips-linux-x64': 1.3.2
    optional: true

  '@img/sharp-linuxmusl-arm64@0.35.3':
    optionalDependencies:
      '@img/sharp-libvips-linuxmusl-arm64': 1.3.2
    optional: true

  '@img/sharp-linuxmusl-x64@0.35.3':
    optionalDependencies:
      '@img/sharp-libvips-linuxmusl-x64': 1.3.2
    optional: true

  '@img/sharp-wasm32@0.35.3':
    dependencies:
      '@emnapi/runtime': 1.11.3
    optional: true

  '@img/sharp-webcontainers-wasm32@0.35.3':
    dependencies:
      '@img/sharp-wasm32': 0.35.3
    optional: true

  '@img/sharp-win32-arm64@0.35.3':
    optional: true

  '@img/sharp-win32-ia32@0.35.3':
    optional: true

  '@img/sharp-win32-x64@0.35.3':
    optional: true

  '@oxlint-tsgolint/darwin-arm64@7.0.2001':
    optional: true

  '@oxlint-tsgolint/darwin-x64@7.0.2001':
    optional: true

  '@oxlint-tsgolint/linux-arm64@7.0.2001':
    optional: true

  '@oxlint-tsgolint/linux-x64@7.0.2001':
    optional: true

  '@oxlint-tsgolint/win32-arm64@7.0.2001':
    optional: true

  '@oxlint-tsgolint/win32-x64@7.0.2001':
    optional: true

  '@oxlint/binding-android-arm-eabi@1.76.0':
    optional: true

  '@oxlint/binding-android-arm64@1.76.0':
    optional: true

  '@oxlint/binding-darwin-arm64@1.76.0':
    optional: true

  '@oxlint/binding-darwin-x64@1.76.0':
    optional: true

  '@oxlint/binding-freebsd-x64@1.76.0':
    optional: true

  '@oxlint/binding-linux-arm-gnueabihf@1.76.0':
    optional: true

  '@oxlint/binding-linux-arm-musleabihf@1.76.0':
    optional: true

  '@oxlint/binding-linux-arm64-gnu@1.76.0':
    optional: true

  '@oxlint/binding-linux-arm64-musl@1.76.0':
    optional: true

  '@oxlint/binding-linux-ppc64-gnu@1.76.0':
    optional: true

  '@oxlint/binding-linux-riscv64-gnu@1.76.0':
    optional: true

  '@oxlint/binding-linux-riscv64-musl@1.76.0':
    optional: true

  '@oxlint/binding-linux-s390x-gnu@1.76.0':
    optional: true

  '@oxlint/binding-linux-x64-gnu@1.76.0':
    optional: true

  '@oxlint/binding-linux-x64-musl@1.76.0':
    optional: true

  '@oxlint/binding-openharmony-arm64@1.76.0':
    optional: true

  '@oxlint/binding-win32-arm64-msvc@1.76.0':
    optional: true

  '@oxlint/binding-win32-ia32-msvc@1.76.0':
    optional: true

  '@oxlint/binding-win32-x64-msvc@1.76.0':
    optional: true

  '@rlly/pedantic@0.6.0(@e18e/eslint-plugin@0.6.0(oxlint@1.76.0(oxlint-tsgolint@7.0.2001)))(oxlint-tsgolint@7.0.2001)(oxlint@1.76.0(oxlint-tsgolint@7.0.2001))':
    dependencies:
      oxlint: 1.76.0(oxlint-tsgolint@7.0.2001)
    optionalDependencies:
      '@e18e/eslint-plugin': 0.6.0(oxlint@1.76.0(oxlint-tsgolint@7.0.2001))
      oxlint-tsgolint: 7.0.2001

  '@standard-schema/spec@1.1.0': {}

  '@types/node@26.1.2':
    dependencies:
      undici-types: 8.3.0

  '@typescript-native-bridge/darwin-arm64@6.0.3-bridge.7.tsgo.7.0.2':
    optional: true

  '@typescript-native-bridge/darwin-x64@6.0.3-bridge.7.tsgo.7.0.2':
    optional: true

  '@typescript-native-bridge/linux-arm64@6.0.3-bridge.7.tsgo.7.0.2':
    optional: true

  '@typescript-native-bridge/linux-arm@6.0.3-bridge.7.tsgo.7.0.2':
    optional: true

  '@typescript-native-bridge/linux-x64@6.0.3-bridge.7.tsgo.7.0.2':
    optional: true

  '@typescript-native-bridge/win32-arm64@6.0.3-bridge.7.tsgo.7.0.2':
    optional: true

  '@typescript-native-bridge/win32-x64@6.0.3-bridge.7.tsgo.7.0.2':
    optional: true

  detect-libc@2.1.2: {}

  devalue@5.9.0: {}

  empathic@2.0.1: {}

  esm-env@1.2.2: {}

  fast-string-truncated-width@3.0.3: {}

  fast-string-width@3.0.2:
    dependencies:
      fast-string-truncated-width: 3.0.3

  fast-wrap-ansi@0.2.2:
    dependencies:
      fast-string-width: 3.0.2

  hono@4.12.34: {}

  module-replacements@3.1.0: {}

  nanoid@5.1.16: {}

  oxlint-tsgolint@7.0.2001:
    optionalDependencies:
      '@oxlint-tsgolint/darwin-arm64': 7.0.2001
      '@oxlint-tsgolint/darwin-x64': 7.0.2001
      '@oxlint-tsgolint/linux-arm64': 7.0.2001
      '@oxlint-tsgolint/linux-x64': 7.0.2001
      '@oxlint-tsgolint/win32-arm64': 7.0.2001
      '@oxlint-tsgolint/win32-x64': 7.0.2001

  oxlint@1.76.0(oxlint-tsgolint@7.0.2001):
    optionalDependencies:
      '@oxlint/binding-android-arm-eabi': 1.76.0
      '@oxlint/binding-android-arm64': 1.76.0
      '@oxlint/binding-darwin-arm64': 1.76.0
      '@oxlint/binding-darwin-x64': 1.76.0
      '@oxlint/binding-freebsd-x64': 1.76.0
      '@oxlint/binding-linux-arm-gnueabihf': 1.76.0
      '@oxlint/binding-linux-arm-musleabihf': 1.76.0
      '@oxlint/binding-linux-arm64-gnu': 1.76.0
      '@oxlint/binding-linux-arm64-musl': 1.76.0
      '@oxlint/binding-linux-ppc64-gnu': 1.76.0
      '@oxlint/binding-linux-riscv64-gnu': 1.76.0
      '@oxlint/binding-linux-riscv64-musl': 1.76.0
      '@oxlint/binding-linux-s390x-gnu': 1.76.0
      '@oxlint/binding-linux-x64-gnu': 1.76.0
      '@oxlint/binding-linux-x64-musl': 1.76.0
      '@oxlint/binding-openharmony-arm64': 1.76.0
      '@oxlint/binding-win32-arm64-msvc': 1.76.0
      '@oxlint/binding-win32-ia32-msvc': 1.76.0
      '@oxlint/binding-win32-x64-msvc': 1.76.0
      oxlint-tsgolint: 7.0.2001

  prettier@3.9.6: {}

  semver@7.8.5: {}

  sharp@0.35.3(@types/node@26.1.2):
    dependencies:
      '@img/colour': 1.1.0
      detect-libc: 2.1.2
      semver: 7.8.5
    optionalDependencies:
      '@img/sharp-darwin-arm64': 0.35.3
      '@img/sharp-darwin-x64': 0.35.3
      '@img/sharp-freebsd-wasm32': 0.35.3
      '@img/sharp-libvips-darwin-arm64': 1.3.2
      '@img/sharp-libvips-darwin-x64': 1.3.2
      '@img/sharp-libvips-linux-arm': 1.3.2
      '@img/sharp-libvips-linux-arm64': 1.3.2
      '@img/sharp-libvips-linux-ppc64': 1.3.2
      '@img/sharp-libvips-linux-riscv64': 1.3.2
      '@img/sharp-libvips-linux-s390x': 1.3.2
      '@img/sharp-libvips-linux-x64': 1.3.2
      '@img/sharp-libvips-linuxmusl-arm64': 1.3.2
      '@img/sharp-libvips-linuxmusl-x64': 1.3.2
      '@img/sharp-linux-arm': 0.35.3
      '@img/sharp-linux-arm64': 0.35.3
      '@img/sharp-linux-ppc64': 0.35.3
      '@img/sharp-linux-riscv64': 0.35.3
      '@img/sharp-linux-s390x': 0.35.3
      '@img/sharp-linux-x64': 0.35.3
      '@img/sharp-linuxmusl-arm64': 0.35.3
      '@img/sharp-linuxmusl-x64': 0.35.3
      '@img/sharp-webcontainers-wasm32': 0.35.3
      '@img/sharp-win32-arm64': 0.35.3
      '@img/sharp-win32-ia32': 0.35.3
      '@img/sharp-win32-x64': 0.35.3
      '@types/node': 26.1.2

  sisteransi@1.0.5: {}

  tiny-open@1.3.0: {}

  tslib@2.8.1:
    optional: true

  typescript-native-bridge@6.0.3-bridge.7.tsgo.7.0.2:
    optionalDependencies:
      '@typescript-native-bridge/darwin-arm64': 6.0.3-bridge.7.tsgo.7.0.2
      '@typescript-native-bridge/darwin-x64': 6.0.3-bridge.7.tsgo.7.0.2
      '@typescript-native-bridge/linux-arm': 6.0.3-bridge.7.tsgo.7.0.2
      '@typescript-native-bridge/linux-arm64': 6.0.3-bridge.7.tsgo.7.0.2
      '@typescript-native-bridge/linux-x64': 6.0.3-bridge.7.tsgo.7.0.2
      '@typescript-native-bridge/win32-arm64': 6.0.3-bridge.7.tsgo.7.0.2
      '@typescript-native-bridge/win32-x64': 6.0.3-bridge.7.tsgo.7.0.2

  undici-types@8.3.0: {}

  unicode-segmenter@0.17.3: {}

  valibot@1.4.2(typescript-native-bridge@6.0.3-bridge.7.tsgo.7.0.2):
    optionalDependencies:
      typescript: typescript-native-bridge@6.0.3-bridge.7.tsgo.7.0.2
